
Microsoft Visual Studio Solution File, Format Version 12.00
# Visual Studio Version 17
VisualStudioVersion = 17.5.002.0
MinimumVisualStudioVersion = 10.0.40219.1
Project("{9A19103F-16F7-4668-BE54-9A1E7A4F7556}") = "ToDoApi", "ToDoApi.csproj", "{4AC655D5-C1D9-48AE-8CA9-ADEECB8BA529}"
EndProject
Global
	GlobalSection(SolutionConfigurationPlatforms) = preSolution
		Debug|Any CPU = Debug|Any CPU
		Release|Any CPU = Release|Any CPU
	EndGlobalSection
	GlobalSection(ProjectConfigurationPlatforms) = postSolution
		{4AC655D5-C1D9-48AE-8CA9-ADEECB8BA529}.Debug|Any CPU.ActiveCfg = Debug|Any CPU
		{4AC655D5-C1D9-48AE-8CA9-ADEECB8BA529}.Debug|Any CPU.Build.0 = Debug|Any CPU
		{4AC655D5-C1D9-48AE-8CA9-ADEECB8BA529}.Release|Any CPU.ActiveCfg = Release|Any CPU
		{4AC655D5-C1D9-48AE-8CA9-ADEECB8BA529}.Release|Any CPU.Build.0 = Release|Any CPU
	EndGlobalSection
	GlobalSection(SolutionProperties) = preSolution
		HideSolutionNode = FALSE
	EndGlobalSection
	GlobalSection(ExtensibilityGlobals) = postSolution
		SolutionGuid = {D19C782A-463A-4512-A4FA-B7F6A9FBB0E7}
	EndGlobalSection
EndGlobal
